
Microsoft Visual Studio Solution File, Format Version 12.00
# Visual Studio Version 17
VisualStudioVersion = 17.3.32929.385
MinimumVisualStudioVersion = 10.0.40219.1
Project("{FAE04EC0-301F-11D3-BF4B-00C04F79EFBC}") = "Challange4.2", "Challange4.2\Challange4.2.csproj", "{F3019EF8-7988-4ACA-9E17-3F8EE4E00633}"
EndProject
Global
	GlobalSection(SolutionConfigurationPlatforms) = preSolution
		Debug|Any CPU = Debug|Any CPU
		Release|Any CPU = Release|Any CPU
	EndGlobalSection
	GlobalSection(ProjectConfigurationPlatforms) = postSolution
		{F3019EF8-7988-4ACA-9E17-3F8EE4E00633}.Debug|Any CPU.ActiveCfg = Debug|Any CPU
		{F3019EF8-7988-4ACA-9E17-3F8EE4E00633}.Debug|Any CPU.Build.0 = Debug|Any CPU
		{F3019EF8-7988-4ACA-9E17-3F8EE4E00633}.Release|Any CPU.ActiveCfg = Release|Any CPU
		{F3019EF8-7988-4ACA-9E17-3F8EE4E00633}.Release|Any CPU.Build.0 = Release|Any CPU
	EndGlobalSection
	GlobalSection(SolutionProperties) = preSolution
		HideSolutionNode = FALSE
	EndGlobalSection
	GlobalSection(ExtensibilityGlobals) = postSolution
		SolutionGuid = {FBA2B67F-868D-42BC-BCC3-A9F4198CADA9}
	EndGlobalSection
EndGlobal
