
Microsoft Visual Studio Solution File, Format Version 12.00
# Visual Studio Version 17
VisualStudioVersion = 17.3.32929.385
MinimumVisualStudioVersion = 10.0.40219.1
Project("{FAE04EC0-301F-11D3-BF4B-00C04F79EFBC}") = "Challange7", "Challange7\Challange7.csproj", "{466A1145-A675-4BA2-A859-CCC669D637B8}"
EndProject
Global
	GlobalSection(SolutionConfigurationPlatforms) = preSolution
		Debug|Any CPU = Debug|Any CPU
		Release|Any CPU = Release|Any CPU
	EndGlobalSection
	GlobalSection(ProjectConfigurationPlatforms) = postSolution
		{466A1145-A675-4BA2-A859-CCC669D637B8}.Debug|Any CPU.ActiveCfg = Debug|Any CPU
		{466A1145-A675-4BA2-A859-CCC669D637B8}.Debug|Any CPU.Build.0 = Debug|Any CPU
		{466A1145-A675-4BA2-A859-CCC669D637B8}.Release|Any CPU.ActiveCfg = Release|Any CPU
		{466A1145-A675-4BA2-A859-CCC669D637B8}.Release|Any CPU.Build.0 = Release|Any CPU
	EndGlobalSection
	GlobalSection(SolutionProperties) = preSolution
		HideSolutionNode = FALSE
	EndGlobalSection
	GlobalSection(ExtensibilityGlobals) = postSolution
		SolutionGuid = {FC56FF31-41E9-4C93-BAA9-B0359A908EFB}
	EndGlobalSection
EndGlobal
