
Microsoft Visual Studio Solution File, Format Version 12.00
# Visual Studio Version 17
VisualStudioVersion = 17.3.32929.385
MinimumVisualStudioVersion = 10.0.40219.1
Project("{FAE04EC0-301F-11D3-BF4B-00C04F79EFBC}") = "ChallangeGrup3", "ChallangeGrup3\ChallangeGrup3.csproj", "{86F4A69B-0DCA-4491-BFCE-684C7B3E773A}"
EndProject
Global
	GlobalSection(SolutionConfigurationPlatforms) = preSolution
		Debug|Any CPU = Debug|Any CPU
		Release|Any CPU = Release|Any CPU
	EndGlobalSection
	GlobalSection(ProjectConfigurationPlatforms) = postSolution
		{86F4A69B-0DCA-4491-BFCE-684C7B3E773A}.Debug|Any CPU.ActiveCfg = Debug|Any CPU
		{86F4A69B-0DCA-4491-BFCE-684C7B3E773A}.Debug|Any CPU.Build.0 = Debug|Any CPU
		{86F4A69B-0DCA-4491-BFCE-684C7B3E773A}.Release|Any CPU.ActiveCfg = Release|Any CPU
		{86F4A69B-0DCA-4491-BFCE-684C7B3E773A}.Release|Any CPU.Build.0 = Release|Any CPU
	EndGlobalSection
	GlobalSection(SolutionProperties) = preSolution
		HideSolutionNode = FALSE
	EndGlobalSection
	GlobalSection(ExtensibilityGlobals) = postSolution
		SolutionGuid = {D3D9C625-8CC4-44CA-9E1D-16FC4862566D}
	EndGlobalSection
EndGlobal
