
Microsoft Visual Studio Solution File, Format Version 12.00
# Visual Studio Version 17
VisualStudioVersion = 17.4.33122.133
MinimumVisualStudioVersion = 10.0.40219.1
Project("{FAE04EC0-301F-11D3-BF4B-00C04F79EFBC}") = "LogicTest", "LogicTest\LogicTest.csproj", "{0E4465D4-8AF0-4DEE-B802-098FA5FBCD0C}"
EndProject
Global
	GlobalSection(SolutionConfigurationPlatforms) = preSolution
		Debug|Any CPU = Debug|Any CPU
		Release|Any CPU = Release|Any CPU
	EndGlobalSection
	GlobalSection(ProjectConfigurationPlatforms) = postSolution
		{0E4465D4-8AF0-4DEE-B802-098FA5FBCD0C}.Debug|Any CPU.ActiveCfg = Debug|Any CPU
		{0E4465D4-8AF0-4DEE-B802-098FA5FBCD0C}.Debug|Any CPU.Build.0 = Debug|Any CPU
		{0E4465D4-8AF0-4DEE-B802-098FA5FBCD0C}.Release|Any CPU.ActiveCfg = Release|Any CPU
		{0E4465D4-8AF0-4DEE-B802-098FA5FBCD0C}.Release|Any CPU.Build.0 = Release|Any CPU
	EndGlobalSection
	GlobalSection(SolutionProperties) = preSolution
		HideSolutionNode = FALSE
	EndGlobalSection
	GlobalSection(ExtensibilityGlobals) = postSolution
		SolutionGuid = {B0CCAFB9-47D6-44F3-A06B-05D709E65FE7}
	EndGlobalSection
EndGlobal
