
Microsoft Visual Studio Solution File, Format Version 12.00
# Visual Studio Version 17
VisualStudioVersion = 17.3.32929.385
MinimumVisualStudioVersion = 10.0.40219.1
Project("{FAE04EC0-301F-11D3-BF4B-00C04F79EFBC}") = "LatihanWebApi", "LatihanWebApi\LatihanWebApi.csproj", "{1381AAAC-A241-45BD-A649-E8A7B8E86410}"
EndProject
Project("{FAE04EC0-301F-11D3-BF4B-00C04F79EFBC}") = "LatihanWebApi.Application", "LatihanWebApi.Application\LatihanWebApi.Application.csproj", "{0AEA25AF-ADD8-419E-9602-CC23CC7257E5}"
EndProject
Project("{FAE04EC0-301F-11D3-BF4B-00C04F79EFBC}") = "LatihanWebApi.Database", "LatihanWebApi.Database\LatihanWebApi.Database.csproj", "{052C22DA-5B00-4886-9696-90A77864AB21}"
EndProject
Global
	GlobalSection(SolutionConfigurationPlatforms) = preSolution
		Debug|Any CPU = Debug|Any CPU
		Release|Any CPU = Release|Any CPU
	EndGlobalSection
	GlobalSection(ProjectConfigurationPlatforms) = postSolution
		{1381AAAC-A241-45BD-A649-E8A7B8E86410}.Debug|Any CPU.ActiveCfg = Debug|Any CPU
		{1381AAAC-A241-45BD-A649-E8A7B8E86410}.Debug|Any CPU.Build.0 = Debug|Any CPU
		{1381AAAC-A241-45BD-A649-E8A7B8E86410}.Release|Any CPU.ActiveCfg = Release|Any CPU
		{1381AAAC-A241-45BD-A649-E8A7B8E86410}.Release|Any CPU.Build.0 = Release|Any CPU
		{0AEA25AF-ADD8-419E-9602-CC23CC7257E5}.Debug|Any CPU.ActiveCfg = Debug|Any CPU
		{0AEA25AF-ADD8-419E-9602-CC23CC7257E5}.Debug|Any CPU.Build.0 = Debug|Any CPU
		{0AEA25AF-ADD8-419E-9602-CC23CC7257E5}.Release|Any CPU.ActiveCfg = Release|Any CPU
		{0AEA25AF-ADD8-419E-9602-CC23CC7257E5}.Release|Any CPU.Build.0 = Release|Any CPU
		{052C22DA-5B00-4886-9696-90A77864AB21}.Debug|Any CPU.ActiveCfg = Debug|Any CPU
		{052C22DA-5B00-4886-9696-90A77864AB21}.Debug|Any CPU.Build.0 = Debug|Any CPU
		{052C22DA-5B00-4886-9696-90A77864AB21}.Release|Any CPU.ActiveCfg = Release|Any CPU
		{052C22DA-5B00-4886-9696-90A77864AB21}.Release|Any CPU.Build.0 = Release|Any CPU
	EndGlobalSection
	GlobalSection(SolutionProperties) = preSolution
		HideSolutionNode = FALSE
	EndGlobalSection
	GlobalSection(ExtensibilityGlobals) = postSolution
		SolutionGuid = {6F1E9997-2DDA-4327-ACD8-9DB3F1FDD2B6}
	EndGlobalSection
EndGlobal
