
Microsoft Visual Studio Solution File, Format Version 12.00
# Visual Studio Version 17
VisualStudioVersion = 17.3.32929.385
MinimumVisualStudioVersion = 10.0.40219.1
Project("{FAE04EC0-301F-11D3-BF4B-00C04F79EFBC}") = "Belajar_variabel", "Belajar_variabel\Belajar_variabel.csproj", "{94599ABB-8989-4DEB-85C7-84E0D9C668A9}"
EndProject
Global
	GlobalSection(SolutionConfigurationPlatforms) = preSolution
		Debug|Any CPU = Debug|Any CPU
		Release|Any CPU = Release|Any CPU
	EndGlobalSection
	GlobalSection(ProjectConfigurationPlatforms) = postSolution
		{94599ABB-8989-4DEB-85C7-84E0D9C668A9}.Debug|Any CPU.ActiveCfg = Debug|Any CPU
		{94599ABB-8989-4DEB-85C7-84E0D9C668A9}.Debug|Any CPU.Build.0 = Debug|Any CPU
		{94599ABB-8989-4DEB-85C7-84E0D9C668A9}.Release|Any CPU.ActiveCfg = Release|Any CPU
		{94599ABB-8989-4DEB-85C7-84E0D9C668A9}.Release|Any CPU.Build.0 = Release|Any CPU
	EndGlobalSection
	GlobalSection(SolutionProperties) = preSolution
		HideSolutionNode = FALSE
	EndGlobalSection
	GlobalSection(ExtensibilityGlobals) = postSolution
		SolutionGuid = {B0C09E7D-6EF7-40B9-9FA9-31B6696A58AB}
	EndGlobalSection
EndGlobal
