
Microsoft Visual Studio Solution File, Format Version 12.00
# Visual Studio Version 17
VisualStudioVersion = 17.3.32929.385
MinimumVisualStudioVersion = 10.0.40219.1
Project("{FAE04EC0-301F-11D3-BF4B-00C04F79EFBC}") = "Challange4.3", "Challange4.3\Challange4.3.csproj", "{445AB5DC-E5E9-48BF-B11B-625171BC671A}"
EndProject
Global
	GlobalSection(SolutionConfigurationPlatforms) = preSolution
		Debug|Any CPU = Debug|Any CPU
		Release|Any CPU = Release|Any CPU
	EndGlobalSection
	GlobalSection(ProjectConfigurationPlatforms) = postSolution
		{445AB5DC-E5E9-48BF-B11B-625171BC671A}.Debug|Any CPU.ActiveCfg = Debug|Any CPU
		{445AB5DC-E5E9-48BF-B11B-625171BC671A}.Debug|Any CPU.Build.0 = Debug|Any CPU
		{445AB5DC-E5E9-48BF-B11B-625171BC671A}.Release|Any CPU.ActiveCfg = Release|Any CPU
		{445AB5DC-E5E9-48BF-B11B-625171BC671A}.Release|Any CPU.Build.0 = Release|Any CPU
	EndGlobalSection
	GlobalSection(SolutionProperties) = preSolution
		HideSolutionNode = FALSE
	EndGlobalSection
	GlobalSection(ExtensibilityGlobals) = postSolution
		SolutionGuid = {9467E4A1-895B-4186-8530-844AA1BADD06}
	EndGlobalSection
EndGlobal
