
Microsoft Visual Studio Solution File, Format Version 12.00
# Visual Studio Version 17
VisualStudioVersion = 17.3.32929.385
MinimumVisualStudioVersion = 10.0.40219.1
Project("{FAE04EC0-301F-11D3-BF4B-00C04F79EFBC}") = "LatihanEF", "LatihanEF\LatihanEF.csproj", "{7A8C34EC-F8CE-4AF8-9E8D-6C4BF60D267E}"
EndProject
Global
	GlobalSection(SolutionConfigurationPlatforms) = preSolution
		Debug|Any CPU = Debug|Any CPU
		Release|Any CPU = Release|Any CPU
	EndGlobalSection
	GlobalSection(ProjectConfigurationPlatforms) = postSolution
		{7A8C34EC-F8CE-4AF8-9E8D-6C4BF60D267E}.Debug|Any CPU.ActiveCfg = Debug|Any CPU
		{7A8C34EC-F8CE-4AF8-9E8D-6C4BF60D267E}.Debug|Any CPU.Build.0 = Debug|Any CPU
		{7A8C34EC-F8CE-4AF8-9E8D-6C4BF60D267E}.Release|Any CPU.ActiveCfg = Release|Any CPU
		{7A8C34EC-F8CE-4AF8-9E8D-6C4BF60D267E}.Release|Any CPU.Build.0 = Release|Any CPU
	EndGlobalSection
	GlobalSection(SolutionProperties) = preSolution
		HideSolutionNode = FALSE
	EndGlobalSection
	GlobalSection(ExtensibilityGlobals) = postSolution
		SolutionGuid = {63020607-164C-4449-A984-CCDA83F35F36}
	EndGlobalSection
EndGlobal
