
Microsoft Visual Studio Solution File, Format Version 12.00
# Visual Studio Version 17
VisualStudioVersion = 17.3.32929.385
MinimumVisualStudioVersion = 10.0.40219.1
Project("{FAE04EC0-301F-11D3-BF4B-00C04F79EFBC}") = "luasbalok1", "luasbalok1\luasbalok1.csproj", "{7ACE67FB-4A02-446C-8B27-ABCFED330687}"
EndProject
Global
	GlobalSection(SolutionConfigurationPlatforms) = preSolution
		Debug|Any CPU = Debug|Any CPU
		Release|Any CPU = Release|Any CPU
	EndGlobalSection
	GlobalSection(ProjectConfigurationPlatforms) = postSolution
		{7ACE67FB-4A02-446C-8B27-ABCFED330687}.Debug|Any CPU.ActiveCfg = Debug|Any CPU
		{7ACE67FB-4A02-446C-8B27-ABCFED330687}.Debug|Any CPU.Build.0 = Debug|Any CPU
		{7ACE67FB-4A02-446C-8B27-ABCFED330687}.Release|Any CPU.ActiveCfg = Release|Any CPU
		{7ACE67FB-4A02-446C-8B27-ABCFED330687}.Release|Any CPU.Build.0 = Release|Any CPU
	EndGlobalSection
	GlobalSection(SolutionProperties) = preSolution
		HideSolutionNode = FALSE
	EndGlobalSection
	GlobalSection(ExtensibilityGlobals) = postSolution
		SolutionGuid = {2D3F6114-A69A-401C-B810-C60F1FB4F9AD}
	EndGlobalSection
EndGlobal
