
Microsoft Visual Studio Solution File, Format Version 12.00
# Visual Studio Version 17
VisualStudioVersion = 17.3.32929.385
MinimumVisualStudioVersion = 10.0.40219.1
Project("{FAE04EC0-301F-11D3-BF4B-00C04F79EFBC}") = "Challange3.5", "Challange3.5\Challange3.5.csproj", "{B010C7B8-12C5-4837-9905-4DF5188C5007}"
EndProject
Global
	GlobalSection(SolutionConfigurationPlatforms) = preSolution
		Debug|Any CPU = Debug|Any CPU
		Release|Any CPU = Release|Any CPU
	EndGlobalSection
	GlobalSection(ProjectConfigurationPlatforms) = postSolution
		{B010C7B8-12C5-4837-9905-4DF5188C5007}.Debug|Any CPU.ActiveCfg = Debug|Any CPU
		{B010C7B8-12C5-4837-9905-4DF5188C5007}.Debug|Any CPU.Build.0 = Debug|Any CPU
		{B010C7B8-12C5-4837-9905-4DF5188C5007}.Release|Any CPU.ActiveCfg = Release|Any CPU
		{B010C7B8-12C5-4837-9905-4DF5188C5007}.Release|Any CPU.Build.0 = Release|Any CPU
	EndGlobalSection
	GlobalSection(SolutionProperties) = preSolution
		HideSolutionNode = FALSE
	EndGlobalSection
	GlobalSection(ExtensibilityGlobals) = postSolution
		SolutionGuid = {7B5F2348-576C-43E4-8E3C-88564C1F5E2D}
	EndGlobalSection
EndGlobal
