
Microsoft Visual Studio Solution File, Format Version 12.00
# Visual Studio Version 17
VisualStudioVersion = 17.3.32929.385
MinimumVisualStudioVersion = 10.0.40219.1
Project("{FAE04EC0-301F-11D3-BF4B-00C04F79EFBC}") = "Day12", "Day12\Day12.csproj", "{711D2E0B-2B43-437C-A471-E11C99111197}"
EndProject
Global
	GlobalSection(SolutionConfigurationPlatforms) = preSolution
		Debug|Any CPU = Debug|Any CPU
		Release|Any CPU = Release|Any CPU
	EndGlobalSection
	GlobalSection(ProjectConfigurationPlatforms) = postSolution
		{711D2E0B-2B43-437C-A471-E11C99111197}.Debug|Any CPU.ActiveCfg = Debug|Any CPU
		{711D2E0B-2B43-437C-A471-E11C99111197}.Debug|Any CPU.Build.0 = Debug|Any CPU
		{711D2E0B-2B43-437C-A471-E11C99111197}.Release|Any CPU.ActiveCfg = Release|Any CPU
		{711D2E0B-2B43-437C-A471-E11C99111197}.Release|Any CPU.Build.0 = Release|Any CPU
	EndGlobalSection
	GlobalSection(SolutionProperties) = preSolution
		HideSolutionNode = FALSE
	EndGlobalSection
	GlobalSection(ExtensibilityGlobals) = postSolution
		SolutionGuid = {E4770E01-0AD9-4974-8FBC-EDEA7A85666A}
	EndGlobalSection
EndGlobal
